// !$*UTF8*$!
{
	archiveVersion = 1;
	classes = {
	};
	objectVersion = 46;
	objects = {

/* Begin PBXFileReference section */
		31148C581AD7CACF00BA3D78 /* formulario.php */ = {isa = PBXFileReference; lastKnownFileType = text.script.php; path = formulario.php; sourceTree = "<group>"; };
		31148C591AD7CB9600BA3D78 /* insertar_datos.php */ = {isa = PBXFileReference; lastKnownFileType = text.script.php; path = insertar_datos.php; sourceTree = "<group>"; };
		312DFB051AE8E9E30082D111 /* createdb */ = {isa = PBXFileReference; lastKnownFileType = text; path = createdb; sourceTree = "<group>"; };
		313C64511AD927C900B9E598 /* consulta.php */ = {isa = PBXFileReference; lastKnownFileType = text.script.php; path = consulta.php; sourceTree = "<group>"; };
/* End PBXFileReference section */

/* Begin PBXGroup section */
		31148C511AD7CAAB00BA3D78 = {
			isa = PBXGroup;
			children = (
				312DFB051AE8E9E30082D111 /* createdb */,
				313C64511AD927C900B9E598 /* consulta.php */,
				31148C591AD7CB9600BA3D78 /* insertar_datos.php */,
				31148C581AD7CACF00BA3D78 /* formulario.php */,
			);
			sourceTree = "<group>";
		};
/* End PBXGroup section */

/* Begin PBXProject section */
		31148C521AD7CAAB00BA3D78 /* Project object */ = {
			isa = PBXProject;
			attributes = {
				LastUpgradeCheck = 0630;
			};
			buildConfigurationList = 31148C551AD7CAAB00BA3D78 /* Build configuration list for PBXProject "Practica 1" */;
			compatibilityVersion = "Xcode 3.2";
			developmentRegion = English;
			hasScannedForEncodings = 0;
			knownRegions = (
				en,
			);
			mainGroup = 31148C511AD7CAAB00BA3D78;
			projectDirPath = "";
			projectRoot = "";
			targets = (
			);
		};
/* End PBXProject section */

/* Begin XCBuildConfiguration section */
		31148C561AD7CAAB00BA3D78 /* Debug */ = {
			isa = XCBuildConfiguration;
			buildSettings = {
				ONLY_ACTIVE_ARCH = YES;
			};
			name = Debug;
		};
		31148C571AD7CAAB00BA3D78 /* Release */ = {
			isa = XCBuildConfiguration;
			buildSettings = {
			};
			name = Release;
		};
/* End XCBuildConfiguration section */

/* Begin XCConfigurationList section */
		31148C551AD7CAAB00BA3D78 /* Build configuration list for PBXProject "Practica 1" */ = {
			isa = XCConfigurationList;
			buildConfigurations = (
				31148C561AD7CAAB00BA3D78 /* Debug */,
				31148C571AD7CAAB00BA3D78 /* Release */,
			);
			defaultConfigurationIsVisible = 0;
			defaultConfigurationName = Release;
		};
/* End XCConfigurationList section */
	};
	rootObject = 31148C521AD7CAAB00BA3D78 /* Project object */;
}
